
Microsoft Visual Studio Solution File, Format Version 12.00
# Visual Studio Version 17
VisualStudioVersion = 17.0.32014.148
MinimumVisualStudioVersion = 10.0.40219.1
Project("{FAE04EC0-301F-11D3-BF4B-00C04F79EFBC}") = "PresentationLayer", "PresentationLayer.csproj", "{99B13507-0BEC-4AC0-B8AC-329CDD6D6DF1}"
EndProject
Project("{FAE04EC0-301F-11D3-BF4B-00C04F79EFBC}") = "DomainLayer", "..\DomainLayer\DomainLayer.csproj", "{B42BD769-F308-41E4-8169-00226EE31127}"
EndProject
Project("{FAE04EC0-301F-11D3-BF4B-00C04F79EFBC}") = "DataLayer", "..\DataLayer\DataLayer.csproj", "{95A7BEC2-0F52-4822-B4D9-BA79A78084A3}"
EndProject
Global
	GlobalSection(SolutionConfigurationPlatforms) = preSolution
		Debug|Any CPU = Debug|Any CPU
		Release|Any CPU = Release|Any CPU
	EndGlobalSection
	GlobalSection(ProjectConfigurationPlatforms) = postSolution
		{99B13507-0BEC-4AC0-B8AC-329CDD6D6DF1}.Debug|Any CPU.ActiveCfg = Debug|Any CPU
		{99B13507-0BEC-4AC0-B8AC-329CDD6D6DF1}.Debug|Any CPU.Build.0 = Debug|Any CPU
		{99B13507-0BEC-4AC0-B8AC-329CDD6D6DF1}.Release|Any CPU.ActiveCfg = Release|Any CPU
		{99B13507-0BEC-4AC0-B8AC-329CDD6D6DF1}.Release|Any CPU.Build.0 = Release|Any CPU
		{B42BD769-F308-41E4-8169-00226EE31127}.Debug|Any CPU.ActiveCfg = Debug|Any CPU
		{B42BD769-F308-41E4-8169-00226EE31127}.Debug|Any CPU.Build.0 = Debug|Any CPU
		{B42BD769-F308-41E4-8169-00226EE31127}.Release|Any CPU.ActiveCfg = Release|Any CPU
		{B42BD769-F308-41E4-8169-00226EE31127}.Release|Any CPU.Build.0 = Release|Any CPU
		{95A7BEC2-0F52-4822-B4D9-BA79A78084A3}.Debug|Any CPU.ActiveCfg = Debug|Any CPU
		{95A7BEC2-0F52-4822-B4D9-BA79A78084A3}.Debug|Any CPU.Build.0 = Debug|Any CPU
		{95A7BEC2-0F52-4822-B4D9-BA79A78084A3}.Release|Any CPU.ActiveCfg = Release|Any CPU
		{95A7BEC2-0F52-4822-B4D9-BA79A78084A3}.Release|Any CPU.Build.0 = Release|Any CPU
	EndGlobalSection
	GlobalSection(SolutionProperties) = preSolution
		HideSolutionNode = FALSE
	EndGlobalSection
	GlobalSection(ExtensibilityGlobals) = postSolution
		SolutionGuid = {A4117896-5259-4CFB-B213-1742C6E3200D}
	EndGlobalSection
EndGlobal
